{
  "name": "neo-skills",
  "version": "0.1.3",
  "lockfileVersion": 3,
  "requires": true,
  "packages": {
    "": {
      "name": "neo-skills",
      "version": "0.1.3",
      "hasInstallScript": true,
      "license": "UNLICENSED",
      "bin": {
        "omni-skill": "bin/omni-skill.js",
        "skill-creator": "bin/skill-creator.js"
      },
      "engines": {
        "node": ">=16"
      }
    }
  }
}
